
Microsoft Visual Studio Solution File, Format Version 12.00
# Visual Studio Version 17
VisualStudioVersion = 17.0.31903.59
MinimumVisualStudioVersion = 10.0.40219.1
Project("{9A19103F-16F7-4668-BE54-9A1E7A4F7556}") = "ecommerce", "WebApplication1\ecommerce.csproj", "{D4A1C8A7-BC8F-4D89-9B5A-05F728CE912B}"
EndProject
Project("{2150E333-8FDC-42A3-9474-1A3956D46DE8}") = "src", "src", "{B791A933-C710-4AB4-A9BD-BF5EBC2F16E9}"
EndProject
Project("{2150E333-8FDC-42A3-9474-1A3956D46DE8}") = "application_layer", "application_layer", "{F7C71F35-F4C7-4FA7-805E-CFEB138978CA}"
EndProject
Project("{2150E333-8FDC-42A3-9474-1A3956D46DE8}") = "infrustructue_layer", "infrustructue_layer", "{7C340C24-0255-4AFD-8CC0-F17D6AE08D50}"
EndProject
Project("{2150E333-8FDC-42A3-9474-1A3956D46DE8}") = "data_layer", "data_layer", "{77AA0043-EB22-4CE5-9A83-6B39236F61C8}"
EndProject
Project("{2150E333-8FDC-42A3-9474-1A3956D46DE8}") = "shared_kernal", "shared_kernal", "{4DD260DE-CCC5-4077-A03C-E3799BCBC894}"
EndProject
Project("{9A19103F-16F7-4668-BE54-9A1E7A4F7556}") = "ecommerce_shared", "ClassLibrary1\ecommerce_shared.csproj", "{A6A7AD3E-4BDA-4815-9BE4-4B4822171459}"
EndProject
Project("{9A19103F-16F7-4668-BE54-9A1E7A4F7556}") = "ecommerce.infrutructure", "ecommerce.infrutructure\ecommerce.infrutructure.csproj", "{D33B6BB6-328B-4073-A766-2F1854531FB3}"
EndProject
Project("{9A19103F-16F7-4668-BE54-9A1E7A4F7556}") = "ecommerce.service", "ecommerce.service\ecommerce.service.csproj", "{067CC6C2-EC8D-4DCD-8D94-157FC185507D}"
EndProject
Project("{9A19103F-16F7-4668-BE54-9A1E7A4F7556}") = "ecommerce.Domain", "tables\ecommerce.Domain.csproj", "{726B3A7E-BD0C-4502-8342-24E4D7E8CC94}"
EndProject
Project("{9A19103F-16F7-4668-BE54-9A1E7A4F7556}") = "Repositories", "Repositories\Repositories.csproj", "{CC9C7019-E190-4718-9340-39F133E5AFB3}"
EndProject
Project("{9A19103F-16F7-4668-BE54-9A1E7A4F7556}") = "ecommerce.admin", "ecommerce.admin\ecommerce.admin.csproj", "{9CAA9BDE-60F9-440D-AF44-6599F3D7FD01}"
EndProject
Project("{9A19103F-16F7-4668-BE54-9A1E7A4F7556}") = "ecommerce.Dto", "ecommerce.Dto\ecommerce.Dto.csproj", "{46E5E4E5-206A-4E9A-88F3-9014FF78610E}"
EndProject
Project("{9A19103F-16F7-4668-BE54-9A1E7A4F7556}") = "ecommerce.user", "ecommerce.user\ecommerce.user.csproj", "{B8C17FAA-DD83-4689-88F5-BA9BB15A64F7}"
EndProject
Global
	GlobalSection(SolutionConfigurationPlatforms) = preSolution
		Debug|Any CPU = Debug|Any CPU
		Release|Any CPU = Release|Any CPU
	EndGlobalSection
	GlobalSection(ProjectConfigurationPlatforms) = postSolution
		{D4A1C8A7-BC8F-4D89-9B5A-05F728CE912B}.Debug|Any CPU.ActiveCfg = Debug|Any CPU
		{D4A1C8A7-BC8F-4D89-9B5A-05F728CE912B}.Debug|Any CPU.Build.0 = Debug|Any CPU
		{D4A1C8A7-BC8F-4D89-9B5A-05F728CE912B}.Release|Any CPU.ActiveCfg = Release|Any CPU
		{D4A1C8A7-BC8F-4D89-9B5A-05F728CE912B}.Release|Any CPU.Build.0 = Release|Any CPU
		{A6A7AD3E-4BDA-4815-9BE4-4B4822171459}.Debug|Any CPU.ActiveCfg = Debug|Any CPU
		{A6A7AD3E-4BDA-4815-9BE4-4B4822171459}.Debug|Any CPU.Build.0 = Debug|Any CPU
		{A6A7AD3E-4BDA-4815-9BE4-4B4822171459}.Release|Any CPU.ActiveCfg = Release|Any CPU
		{A6A7AD3E-4BDA-4815-9BE4-4B4822171459}.Release|Any CPU.Build.0 = Release|Any CPU
		{D33B6BB6-328B-4073-A766-2F1854531FB3}.Debug|Any CPU.ActiveCfg = Debug|Any CPU
		{D33B6BB6-328B-4073-A766-2F1854531FB3}.Debug|Any CPU.Build.0 = Debug|Any CPU
		{D33B6BB6-328B-4073-A766-2F1854531FB3}.Release|Any CPU.ActiveCfg = Release|Any CPU
		{D33B6BB6-328B-4073-A766-2F1854531FB3}.Release|Any CPU.Build.0 = Release|Any CPU
		{067CC6C2-EC8D-4DCD-8D94-157FC185507D}.Debug|Any CPU.ActiveCfg = Debug|Any CPU
		{067CC6C2-EC8D-4DCD-8D94-157FC185507D}.Debug|Any CPU.Build.0 = Debug|Any CPU
		{067CC6C2-EC8D-4DCD-8D94-157FC185507D}.Release|Any CPU.ActiveCfg = Release|Any CPU
		{067CC6C2-EC8D-4DCD-8D94-157FC185507D}.Release|Any CPU.Build.0 = Release|Any CPU
		{726B3A7E-BD0C-4502-8342-24E4D7E8CC94}.Debug|Any CPU.ActiveCfg = Debug|Any CPU
		{726B3A7E-BD0C-4502-8342-24E4D7E8CC94}.Debug|Any CPU.Build.0 = Debug|Any CPU
		{726B3A7E-BD0C-4502-8342-24E4D7E8CC94}.Release|Any CPU.ActiveCfg = Release|Any CPU
		{726B3A7E-BD0C-4502-8342-24E4D7E8CC94}.Release|Any CPU.Build.0 = Release|Any CPU
		{CC9C7019-E190-4718-9340-39F133E5AFB3}.Debug|Any CPU.ActiveCfg = Debug|Any CPU
		{CC9C7019-E190-4718-9340-39F133E5AFB3}.Debug|Any CPU.Build.0 = Debug|Any CPU
		{CC9C7019-E190-4718-9340-39F133E5AFB3}.Release|Any CPU.ActiveCfg = Release|Any CPU
		{CC9C7019-E190-4718-9340-39F133E5AFB3}.Release|Any CPU.Build.0 = Release|Any CPU
		{9CAA9BDE-60F9-440D-AF44-6599F3D7FD01}.Debug|Any CPU.ActiveCfg = Debug|Any CPU
		{9CAA9BDE-60F9-440D-AF44-6599F3D7FD01}.Debug|Any CPU.Build.0 = Debug|Any CPU
		{9CAA9BDE-60F9-440D-AF44-6599F3D7FD01}.Release|Any CPU.ActiveCfg = Release|Any CPU
		{9CAA9BDE-60F9-440D-AF44-6599F3D7FD01}.Release|Any CPU.Build.0 = Release|Any CPU
		{46E5E4E5-206A-4E9A-88F3-9014FF78610E}.Debug|Any CPU.ActiveCfg = Debug|Any CPU
		{46E5E4E5-206A-4E9A-88F3-9014FF78610E}.Debug|Any CPU.Build.0 = Debug|Any CPU
		{46E5E4E5-206A-4E9A-88F3-9014FF78610E}.Release|Any CPU.ActiveCfg = Release|Any CPU
		{46E5E4E5-206A-4E9A-88F3-9014FF78610E}.Release|Any CPU.Build.0 = Release|Any CPU
		{B8C17FAA-DD83-4689-88F5-BA9BB15A64F7}.Debug|Any CPU.ActiveCfg = Debug|Any CPU
		{B8C17FAA-DD83-4689-88F5-BA9BB15A64F7}.Debug|Any CPU.Build.0 = Debug|Any CPU
		{B8C17FAA-DD83-4689-88F5-BA9BB15A64F7}.Release|Any CPU.ActiveCfg = Release|Any CPU
		{B8C17FAA-DD83-4689-88F5-BA9BB15A64F7}.Release|Any CPU.Build.0 = Release|Any CPU
	EndGlobalSection
	GlobalSection(SolutionProperties) = preSolution
		HideSolutionNode = FALSE
	EndGlobalSection
	GlobalSection(NestedProjects) = preSolution
		{D4A1C8A7-BC8F-4D89-9B5A-05F728CE912B} = {F7C71F35-F4C7-4FA7-805E-CFEB138978CA}
		{F7C71F35-F4C7-4FA7-805E-CFEB138978CA} = {B791A933-C710-4AB4-A9BD-BF5EBC2F16E9}
		{7C340C24-0255-4AFD-8CC0-F17D6AE08D50} = {B791A933-C710-4AB4-A9BD-BF5EBC2F16E9}
		{77AA0043-EB22-4CE5-9A83-6B39236F61C8} = {B791A933-C710-4AB4-A9BD-BF5EBC2F16E9}
		{4DD260DE-CCC5-4077-A03C-E3799BCBC894} = {B791A933-C710-4AB4-A9BD-BF5EBC2F16E9}
		{A6A7AD3E-4BDA-4815-9BE4-4B4822171459} = {4DD260DE-CCC5-4077-A03C-E3799BCBC894}
		{D33B6BB6-328B-4073-A766-2F1854531FB3} = {7C340C24-0255-4AFD-8CC0-F17D6AE08D50}
		{067CC6C2-EC8D-4DCD-8D94-157FC185507D} = {77AA0043-EB22-4CE5-9A83-6B39236F61C8}
		{726B3A7E-BD0C-4502-8342-24E4D7E8CC94} = {77AA0043-EB22-4CE5-9A83-6B39236F61C8}
		{CC9C7019-E190-4718-9340-39F133E5AFB3} = {77AA0043-EB22-4CE5-9A83-6B39236F61C8}
		{9CAA9BDE-60F9-440D-AF44-6599F3D7FD01} = {77AA0043-EB22-4CE5-9A83-6B39236F61C8}
		{46E5E4E5-206A-4E9A-88F3-9014FF78610E} = {77AA0043-EB22-4CE5-9A83-6B39236F61C8}
		{B8C17FAA-DD83-4689-88F5-BA9BB15A64F7} = {77AA0043-EB22-4CE5-9A83-6B39236F61C8}
	EndGlobalSection
	GlobalSection(ExtensibilityGlobals) = postSolution
		SolutionGuid = {7076B3D5-F219-47DA-98CB-E1E9A637EA93}
	EndGlobalSection
EndGlobal
